// !$*UTF8*$!
{
	archiveVersion = 1;
	classes = {
	};
	objectVersion = 56;
	objects = {

/* Begin PBXBuildFile section */
		BD0BD44F2AE00D5F004E1DD4 /* AppDelegate.swift in Sources */ = {isa = PBXBuildFile; fileRef = BD0BD44E2AE00D5F004E1DD4 /* AppDelegate.swift */; };
		BD0BD4512AE00D5F004E1DD4 /* SceneDelegate.swift in Sources */ = {isa = PBXBuildFile; fileRef = BD0BD4502AE00D5F004E1DD4 /* SceneDelegate.swift */; };
		BD0BD4532AE00D5F004E1DD4 /* ViewController.swift in Sources */ = {isa = PBXBuildFile; fileRef = BD0BD4522AE00D5F004E1DD4 /* ViewController.swift */; };
		BD0BD4562AE00D5F004E1DD4 /* Main.storyboard in Resources */ = {isa = PBXBuildFile; fileRef = BD0BD4542AE00D5F004E1DD4 /* Main.storyboard */; };
		BD0BD4582AE00D61004E1DD4 /* Assets.xcassets in Resources */ = {isa = PBXBuildFile; fileRef = BD0BD4572AE00D61004E1DD4 /* Assets.xcassets */; };
		BD0BD45B2AE00D61004E1DD4 /* LaunchScreen.storyboard in Resources */ = {isa = PBXBuildFile; fileRef = BD0BD4592AE00D61004E1DD4 /* LaunchScreen.storyboard */; };
		BD0BD4662AE00D61004E1DD4 /* TestDemoTests.swift in Sources */ = {isa = PBXBuildFile; fileRef = BD0BD4652AE00D61004E1DD4 /* TestDemoTests.swift */; };
		BD0BD4702AE00D61004E1DD4 /* TestDemoUITests.swift in Sources */ = {isa = PBXBuildFile; fileRef = BD0BD46F2AE00D61004E1DD4 /* TestDemoUITests.swift */; };
		BD0BD4722AE00D61004E1DD4 /* TestDemoUITestsLaunchTests.swift in Sources */ = {isa = PBXBuildFile; fileRef = BD0BD4712AE00D61004E1DD4 /* TestDemoUITestsLaunchTests.swift */; };
		BD0BD47F2AE00D79004E1DD4 /* InputsValidationHelper.swift in Sources */ = {isa = PBXBuildFile; fileRef = BD0BD47E2AE00D79004E1DD4 /* InputsValidationHelper.swift */; };
		BD0BD4812AE00D9A004E1DD4 /* InputsValidationHelperTest.swift in Sources */ = {isa = PBXBuildFile; fileRef = BD0BD4802AE00D9A004E1DD4 /* InputsValidationHelperTest.swift */; };
		BD3372C72B3DB69F0032A602 /* MySwiftUIView.swift in Sources */ = {isa = PBXBuildFile; fileRef = BD3372C62B3DB69F0032A602 /* MySwiftUIView.swift */; };
		BD3372CA2B3DB6CF0032A602 /* MonthsModel.swift in Sources */ = {isa = PBXBuildFile; fileRef = BD3372C92B3DB6CF0032A602 /* MonthsModel.swift */; };
		BD5FA35B2B218F20002BEBCD /* TestViewController.swift in Sources */ = {isa = PBXBuildFile; fileRef = BD5FA3592B218F20002BEBCD /* TestViewController.swift */; };
		BD5FA35C2B218F20002BEBCD /* TestViewController.xib in Resources */ = {isa = PBXBuildFile; fileRef = BD5FA35A2B218F20002BEBCD /* TestViewController.xib */; };
		BDB48AD52B4D168000BBBCCE /* FilterViewController.swift in Sources */ = {isa = PBXBuildFile; fileRef = BDB48AD32B4D168000BBBCCE /* FilterViewController.swift */; };
		BDB48AD62B4D168000BBBCCE /* FilterViewController.xib in Resources */ = {isa = PBXBuildFile; fileRef = BDB48AD42B4D168000BBBCCE /* FilterViewController.xib */; };
		BDB48AD92B4D16C800BBBCCE /* FilterTableViewCell.swift in Sources */ = {isa = PBXBuildFile; fileRef = BDB48AD72B4D16C800BBBCCE /* FilterTableViewCell.swift */; };
		BDB48ADA2B4D16C800BBBCCE /* FilterTableViewCell.xib in Resources */ = {isa = PBXBuildFile; fileRef = BDB48AD82B4D16C800BBBCCE /* FilterTableViewCell.xib */; };
/* End PBXBuildFile section */

/* Begin PBXContainerItemProxy section */
		BD0BD4622AE00D61004E1DD4 /* PBXContainerItemProxy */ = {
			isa = PBXContainerItemProxy;
			containerPortal = BD0BD4432AE00D5F004E1DD4 /* Project object */;
			proxyType = 1;
			remoteGlobalIDString = BD0BD44A2AE00D5F004E1DD4;
			remoteInfo = TestDemo;
		};
		BD0BD46C2AE00D61004E1DD4 /* PBXContainerItemProxy */ = {
			isa = PBXContainerItemProxy;
			containerPortal = BD0BD4432AE00D5F004E1DD4 /* Project object */;
			proxyType = 1;
			remoteGlobalIDString = BD0BD44A2AE00D5F004E1DD4;
			remoteInfo = TestDemo;
		};
/* End PBXContainerItemProxy section */

/* Begin PBXFileReference section */
		BD0BD44B2AE00D5F004E1DD4 /* TestDemo.app */ = {isa = PBXFileReference; explicitFileType = wrapper.application; includeInIndex = 0; path = TestDemo.app; sourceTree = BUILT_PRODUCTS_DIR; };
		BD0BD44E2AE00D5F004E1DD4 /* AppDelegate.swift */ = {isa = PBXFileReference; lastKnownFileType = sourcecode.swift; path = AppDelegate.swift; sourceTree = "<group>"; };
		BD0BD4502AE00D5F004E1DD4 /* SceneDelegate.swift */ = {isa = PBXFileReference; lastKnownFileType = sourcecode.swift; path = SceneDelegate.swift; sourceTree = "<group>"; };
		BD0BD4522AE00D5F004E1DD4 /* ViewController.swift */ = {isa = PBXFileReference; lastKnownFileType = sourcecode.swift; path = ViewController.swift; sourceTree = "<group>"; };
		BD0BD4552AE00D5F004E1DD4 /* Base */ = {isa = PBXFileReference; lastKnownFileType = file.storyboard; name = Base; path = Base.lproj/Main.storyboard; sourceTree = "<group>"; };
		BD0BD4572AE00D61004E1DD4 /* Assets.xcassets */ = {isa = PBXFileReference; lastKnownFileType = folder.assetcatalog; path = Assets.xcassets; sourceTree = "<group>"; };
		BD0BD45A2AE00D61004E1DD4 /* Base */ = {isa = PBXFileReference; lastKnownFileType = file.storyboard; name = Base; path = Base.lproj/LaunchScreen.storyboard; sourceTree = "<group>"; };
		BD0BD45C2AE00D61004E1DD4 /* Info.plist */ = {isa = PBXFileReference; lastKnownFileType = text.plist.xml; path = Info.plist; sourceTree = "<group>"; };
		BD0BD4612AE00D61004E1DD4 /* TestDemoTests.xctest */ = {isa = PBXFileReference; explicitFileType = wrapper.cfbundle; includeInIndex = 0; path = TestDemoTests.xctest; sourceTree = BUILT_PRODUCTS_DIR; };
		BD0BD4652AE00D61004E1DD4 /* TestDemoTests.swift */ = {isa = PBXFileReference; lastKnownFileType = sourcecode.swift; path = TestDemoTests.swift; sourceTree = "<group>"; };
		BD0BD46B2AE00D61004E1DD4 /* TestDemoUITests.xctest */ = {isa = PBXFileReference; explicitFileType = wrapper.cfbundle; includeInIndex = 0; path = TestDemoUITests.xctest; sourceTree = BUILT_PRODUCTS_DIR; };
		BD0BD46F2AE00D61004E1DD4 /* TestDemoUITests.swift */ = {isa = PBXFileReference; lastKnownFileType = sourcecode.swift; path = TestDemoUITests.swift; sourceTree = "<group>"; };
		BD0BD4712AE00D61004E1DD4 /* TestDemoUITestsLaunchTests.swift */ = {isa = PBXFileReference; lastKnownFileType = sourcecode.swift; path = TestDemoUITestsLaunchTests.swift; sourceTree = "<group>"; };
		BD0BD47E2AE00D79004E1DD4 /* InputsValidationHelper.swift */ = {isa = PBXFileReference; lastKnownFileType = sourcecode.swift; path = InputsValidationHelper.swift; sourceTree = "<group>"; };
		BD0BD4802AE00D9A004E1DD4 /* InputsValidationHelperTest.swift */ = {isa = PBXFileReference; lastKnownFileType = sourcecode.swift; path = InputsValidationHelperTest.swift; sourceTree = "<group>"; };
		BD3372C62B3DB69F0032A602 /* MySwiftUIView.swift */ = {isa = PBXFileReference; lastKnownFileType = sourcecode.swift; path = MySwiftUIView.swift; sourceTree = "<group>"; };
		BD3372C92B3DB6CF0032A602 /* MonthsModel.swift */ = {isa = PBXFileReference; lastKnownFileType = sourcecode.swift; path = MonthsModel.swift; sourceTree = "<group>"; };
		BD5FA3592B218F20002BEBCD /* TestViewController.swift */ = {isa = PBXFileReference; lastKnownFileType = sourcecode.swift; path = TestViewController.swift; sourceTree = "<group>"; };
		BD5FA35A2B218F20002BEBCD /* TestViewController.xib */ = {isa = PBXFileReference; lastKnownFileType = file.xib; path = TestViewController.xib; sourceTree = "<group>"; };
		BDB48AD32B4D168000BBBCCE /* FilterViewController.swift */ = {isa = PBXFileReference; lastKnownFileType = sourcecode.swift; path = FilterViewController.swift; sourceTree = "<group>"; };
		BDB48AD42B4D168000BBBCCE /* FilterViewController.xib */ = {isa = PBXFileReference; lastKnownFileType = file.xib; path = FilterViewController.xib; sourceTree = "<group>"; };
		BDB48AD72B4D16C800BBBCCE /* FilterTableViewCell.swift */ = {isa = PBXFileReference; lastKnownFileType = sourcecode.swift; path = FilterTableViewCell.swift; sourceTree = "<group>"; };
		BDB48AD82B4D16C800BBBCCE /* FilterTableViewCell.xib */ = {isa = PBXFileReference; lastKnownFileType = file.xib; path = FilterTableViewCell.xib; sourceTree = "<group>"; };
/* End PBXFileReference section */

/* Begin PBXFrameworksBuildPhase section */
		BD0BD4482AE00D5F004E1DD4 /* Frameworks */ = {
			isa = PBXFrameworksBuildPhase;
			buildActionMask = 2147483647;
			files = (
			);
			runOnlyForDeploymentPostprocessing = 0;
		};
		BD0BD45E2AE00D61004E1DD4 /* Frameworks */ = {
			isa = PBXFrameworksBuildPhase;
			buildActionMask = 2147483647;
			files = (
			);
			runOnlyForDeploymentPostprocessing = 0;
		};
		BD0BD4682AE00D61004E1DD4 /* Frameworks */ = {
			isa = PBXFrameworksBuildPhase;
			buildActionMask = 2147483647;
			files = (
			);
			runOnlyForDeploymentPostprocessing = 0;
		};
/* End PBXFrameworksBuildPhase section */

/* Begin PBXGroup section */
		BD0BD4422AE00D5F004E1DD4 = {
			isa = PBXGroup;
			children = (
				BD0BD44D2AE00D5F004E1DD4 /* TestDemo */,
				BD0BD4642AE00D61004E1DD4 /* TestDemoTests */,
				BD0BD46E2AE00D61004E1DD4 /* TestDemoUITests */,
				BD0BD44C2AE00D5F004E1DD4 /* Products */,
			);
			sourceTree = "<group>";
		};
		BD0BD44C2AE00D5F004E1DD4 /* Products */ = {
			isa = PBXGroup;
			children = (
				BD0BD44B2AE00D5F004E1DD4 /* TestDemo.app */,
				BD0BD4612AE00D61004E1DD4 /* TestDemoTests.xctest */,
				BD0BD46B2AE00D61004E1DD4 /* TestDemoUITests.xctest */,
			);
			name = Products;
			sourceTree = "<group>";
		};
		BD0BD44D2AE00D5F004E1DD4 /* TestDemo */ = {
			isa = PBXGroup;
			children = (
				BDB48AD02B4D163A00BBBCCE /* Filter */,
				BD3372C82B3DB6BF0032A602 /* Model */,
				BD0BD44E2AE00D5F004E1DD4 /* AppDelegate.swift */,
				BD0BD4502AE00D5F004E1DD4 /* SceneDelegate.swift */,
				BD3372C62B3DB69F0032A602 /* MySwiftUIView.swift */,
				BD0BD4522AE00D5F004E1DD4 /* ViewController.swift */,
				BD0BD4542AE00D5F004E1DD4 /* Main.storyboard */,
				BD0BD4572AE00D61004E1DD4 /* Assets.xcassets */,
				BD0BD4592AE00D61004E1DD4 /* LaunchScreen.storyboard */,
				BD0BD45C2AE00D61004E1DD4 /* Info.plist */,
				BD0BD47E2AE00D79004E1DD4 /* InputsValidationHelper.swift */,
				BD5FA3592B218F20002BEBCD /* TestViewController.swift */,
				BD5FA35A2B218F20002BEBCD /* TestViewController.xib */,
			);
			path = TestDemo;
			sourceTree = "<group>";
		};
		BD0BD4642AE00D61004E1DD4 /* TestDemoTests */ = {
			isa = PBXGroup;
			children = (
				BD0BD4652AE00D61004E1DD4 /* TestDemoTests.swift */,
				BD0BD4802AE00D9A004E1DD4 /* InputsValidationHelperTest.swift */,
			);
			path = TestDemoTests;
			sourceTree = "<group>";
		};
		BD0BD46E2AE00D61004E1DD4 /* TestDemoUITests */ = {
			isa = PBXGroup;
			children = (
				BD0BD46F2AE00D61004E1DD4 /* TestDemoUITests.swift */,
				BD0BD4712AE00D61004E1DD4 /* TestDemoUITestsLaunchTests.swift */,
			);
			path = TestDemoUITests;
			sourceTree = "<group>";
		};
		BD3372C82B3DB6BF0032A602 /* Model */ = {
			isa = PBXGroup;
			children = (
				BD3372C92B3DB6CF0032A602 /* MonthsModel.swift */,
			);
			path = Model;
			sourceTree = "<group>";
		};
		BDB48AD02B4D163A00BBBCCE /* Filter */ = {
			isa = PBXGroup;
			children = (
				BDB48AD32B4D168000BBBCCE /* FilterViewController.swift */,
				BDB48AD42B4D168000BBBCCE /* FilterViewController.xib */,
				BDB48AD72B4D16C800BBBCCE /* FilterTableViewCell.swift */,
				BDB48AD82B4D16C800BBBCCE /* FilterTableViewCell.xib */,
			);
			path = Filter;
			sourceTree = "<group>";
		};
/* End PBXGroup section */

/* Begin PBXNativeTarget section */
		BD0BD44A2AE00D5F004E1DD4 /* TestDemo */ = {
			isa = PBXNativeTarget;
			buildConfigurationList = BD0BD4752AE00D61004E1DD4 /* Build configuration list for PBXNativeTarget "TestDemo" */;
			buildPhases = (
				BD0BD4472AE00D5F004E1DD4 /* Sources */,
				BD0BD4482AE00D5F004E1DD4 /* Frameworks */,
				BD0BD4492AE00D5F004E1DD4 /* Resources */,
			);
			buildRules = (
			);
			dependencies = (
			);
			name = TestDemo;
			productName = TestDemo;
			productReference = BD0BD44B2AE00D5F004E1DD4 /* TestDemo.app */;
			productType = "com.apple.product-type.application";
		};
		BD0BD4602AE00D61004E1DD4 /* TestDemoTests */ = {
			isa = PBXNativeTarget;
			buildConfigurationList = BD0BD4782AE00D61004E1DD4 /* Build configuration list for PBXNativeTarget "TestDemoTests" */;
			buildPhases = (
				BD0BD45D2AE00D61004E1DD4 /* Sources */,
				BD0BD45E2AE00D61004E1DD4 /* Frameworks */,
				BD0BD45F2AE00D61004E1DD4 /* Resources */,
			);
			buildRules = (
			);
			dependencies = (
				BD0BD4632AE00D61004E1DD4 /* PBXTargetDependency */,
			);
			name = TestDemoTests;
			productName = TestDemoTests;
			productReference = BD0BD4612AE00D61004E1DD4 /* TestDemoTests.xctest */;
			productType = "com.apple.product-type.bundle.unit-test";
		};
		BD0BD46A2AE00D61004E1DD4 /* TestDemoUITests */ = {
			isa = PBXNativeTarget;
			buildConfigurationList = BD0BD47B2AE00D61004E1DD4 /* Build configuration list for PBXNativeTarget "TestDemoUITests" */;
			buildPhases = (
				BD0BD4672AE00D61004E1DD4 /* Sources */,
				BD0BD4682AE00D61004E1DD4 /* Frameworks */,
				BD0BD4692AE00D61004E1DD4 /* Resources */,
			);
			buildRules = (
			);
			dependencies = (
				BD0BD46D2AE00D61004E1DD4 /* PBXTargetDependency */,
			);
			name = TestDemoUITests;
			productName = TestDemoUITests;
			productReference = BD0BD46B2AE00D61004E1DD4 /* TestDemoUITests.xctest */;
			productType = "com.apple.product-type.bundle.ui-testing";
		};
/* End PBXNativeTarget section */

/* Begin PBXProject section */
		BD0BD4432AE00D5F004E1DD4 /* Project object */ = {
			isa = PBXProject;
			attributes = {
				BuildIndependentTargetsInParallel = 1;
				LastSwiftUpdateCheck = 1430;
				LastUpgradeCheck = 1430;
				TargetAttributes = {
					BD0BD44A2AE00D5F004E1DD4 = {
						CreatedOnToolsVersion = 14.3.1;
					};
					BD0BD4602AE00D61004E1DD4 = {
						CreatedOnToolsVersion = 14.3.1;
						TestTargetID = BD0BD44A2AE00D5F004E1DD4;
					};
					BD0BD46A2AE00D61004E1DD4 = {
						CreatedOnToolsVersion = 14.3.1;
						TestTargetID = BD0BD44A2AE00D5F004E1DD4;
					};
				};
			};
			buildConfigurationList = BD0BD4462AE00D5F004E1DD4 /* Build configuration list for PBXProject "TestDemo" */;
			compatibilityVersion = "Xcode 14.0";
			developmentRegion = en;
			hasScannedForEncodings = 0;
			knownRegions = (
				en,
				Base,
			);
			mainGroup = BD0BD4422AE00D5F004E1DD4;
			productRefGroup = BD0BD44C2AE00D5F004E1DD4 /* Products */;
			projectDirPath = "";
			projectRoot = "";
			targets = (
				BD0BD44A2AE00D5F004E1DD4 /* TestDemo */,
				BD0BD4602AE00D61004E1DD4 /* TestDemoTests */,
				BD0BD46A2AE00D61004E1DD4 /* TestDemoUITests */,
			);
		};
/* End PBXProject section */

/* Begin PBXResourcesBuildPhase section */
		BD0BD4492AE00D5F004E1DD4 /* Resources */ = {
			isa = PBXResourcesBuildPhase;
			buildActionMask = 2147483647;
			files = (
				BDB48AD62B4D168000BBBCCE /* FilterViewController.xib in Resources */,
				BDB48ADA2B4D16C800BBBCCE /* FilterTableViewCell.xib in Resources */,
				BD0BD45B2AE00D61004E1DD4 /* LaunchScreen.storyboard in Resources */,
				BD0BD4582AE00D61004E1DD4 /* Assets.xcassets in Resources */,
				BD5FA35C2B218F20002BEBCD /* TestViewController.xib in Resources */,
				BD0BD4562AE00D5F004E1DD4 /* Main.storyboard in Resources */,
			);
			runOnlyForDeploymentPostprocessing = 0;
		};
		BD0BD45F2AE00D61004E1DD4 /* Resources */ = {
			isa = PBXResourcesBuildPhase;
			buildActionMask = 2147483647;
			files = (
			);
			runOnlyForDeploymentPostprocessing = 0;
		};
		BD0BD4692AE00D61004E1DD4 /* Resources */ = {
			isa = PBXResourcesBuildPhase;
			buildActionMask = 2147483647;
			files = (
			);
			runOnlyForDeploymentPostprocessing = 0;
		};
/* End PBXResourcesBuildPhase section */

/* Begin PBXSourcesBuildPhase section */
		BD0BD4472AE00D5F004E1DD4 /* Sources */ = {
			isa = PBXSourcesBuildPhase;
			buildActionMask = 2147483647;
			files = (
				BDB48AD92B4D16C800BBBCCE /* FilterTableViewCell.swift in Sources */,
				BD3372C72B3DB69F0032A602 /* MySwiftUIView.swift in Sources */,
				BD5FA35B2B218F20002BEBCD /* TestViewController.swift in Sources */,
				BDB48AD52B4D168000BBBCCE /* FilterViewController.swift in Sources */,
				BD0BD4532AE00D5F004E1DD4 /* ViewController.swift in Sources */,
				BD0BD47F2AE00D79004E1DD4 /* InputsValidationHelper.swift in Sources */,
				BD0BD44F2AE00D5F004E1DD4 /* AppDelegate.swift in Sources */,
				BD0BD4512AE00D5F004E1DD4 /* SceneDelegate.swift in Sources */,
				BD3372CA2B3DB6CF0032A602 /* MonthsModel.swift in Sources */,
			);
			runOnlyForDeploymentPostprocessing = 0;
		};
		BD0BD45D2AE00D61004E1DD4 /* Sources */ = {
			isa = PBXSourcesBuildPhase;
			buildActionMask = 2147483647;
			files = (
				BD0BD4812AE00D9A004E1DD4 /* InputsValidationHelperTest.swift in Sources */,
				BD0BD4662AE00D61004E1DD4 /* TestDemoTests.swift in Sources */,
			);
			runOnlyForDeploymentPostprocessing = 0;
		};
		BD0BD4672AE00D61004E1DD4 /* Sources */ = {
			isa = PBXSourcesBuildPhase;
			buildActionMask = 2147483647;
			files = (
				BD0BD4722AE00D61004E1DD4 /* TestDemoUITestsLaunchTests.swift in Sources */,
				BD0BD4702AE00D61004E1DD4 /* TestDemoUITests.swift in Sources */,
			);
			runOnlyForDeploymentPostprocessing = 0;
		};
/* End PBXSourcesBuildPhase section */

/* Begin PBXTargetDependency section */
		BD0BD4632AE00D61004E1DD4 /* PBXTargetDependency */ = {
			isa = PBXTargetDependency;
			target = BD0BD44A2AE00D5F004E1DD4 /* TestDemo */;
			targetProxy = BD0BD4622AE00D61004E1DD4 /* PBXContainerItemProxy */;
		};
		BD0BD46D2AE00D61004E1DD4 /* PBXTargetDependency */ = {
			isa = PBXTargetDependency;
			target = BD0BD44A2AE00D5F004E1DD4 /* TestDemo */;
			targetProxy = BD0BD46C2AE00D61004E1DD4 /* PBXContainerItemProxy */;
		};
/* End PBXTargetDependency section */

/* Begin PBXVariantGroup section */
		BD0BD4542AE00D5F004E1DD4 /* Main.storyboard */ = {
			isa = PBXVariantGroup;
			children = (
				BD0BD4552AE00D5F004E1DD4 /* Base */,
			);
			name = Main.storyboard;
			sourceTree = "<group>";
		};
		BD0BD4592AE00D61004E1DD4 /* LaunchScreen.storyboard */ = {
			isa = PBXVariantGroup;
			children = (
				BD0BD45A2AE00D61004E1DD4 /* Base */,
			);
			name = LaunchScreen.storyboard;
			sourceTree = "<group>";
		};
/* End PBXVariantGroup section */

/* Begin XCBuildConfiguration section */
		BD0BD4732AE00D61004E1DD4 /* Debug */ = {
			isa = XCBuildConfiguration;
			buildSettings = {
				ALWAYS_SEARCH_USER_PATHS = NO;
				CLANG_ANALYZER_NONNULL = YES;
				CLANG_ANALYZER_NUMBER_OBJECT_CONVERSION = YES_AGGRESSIVE;
				CLANG_CXX_LANGUAGE_STANDARD = "gnu++20";
				CLANG_ENABLE_MODULES = YES;
				CLANG_ENABLE_OBJC_ARC = YES;
				CLANG_ENABLE_OBJC_WEAK = YES;
				CLANG_WARN_BLOCK_CAPTURE_AUTORELEASING = YES;
				CLANG_WARN_BOOL_CONVERSION = YES;
				CLANG_WARN_COMMA = YES;
				CLANG_WARN_CONSTANT_CONVERSION = YES;
				CLANG_WARN_DEPRECATED_OBJC_IMPLEMENTATIONS = YES;
				CLANG_WARN_DIRECT_OBJC_ISA_USAGE = YES_ERROR;
				CLANG_WARN_DOCUMENTATION_COMMENTS = YES;
				CLANG_WARN_EMPTY_BODY = YES;
				CLANG_WARN_ENUM_CONVERSION = YES;
				CLANG_WARN_INFINITE_RECURSION = YES;
				CLANG_WARN_INT_CONVERSION = YES;
				CLANG_WARN_NON_LITERAL_NULL_CONVERSION = YES;
				CLANG_WARN_OBJC_IMPLICIT_RETAIN_SELF = YES;
				CLANG_WARN_OBJC_LITERAL_CONVERSION = YES;
				CLANG_WARN_OBJC_ROOT_CLASS = YES_ERROR;
				CLANG_WARN_QUOTED_INCLUDE_IN_FRAMEWORK_HEADER = YES;
				CLANG_WARN_RANGE_LOOP_ANALYSIS = YES;
				CLANG_WARN_STRICT_PROTOTYPES = YES;
				CLANG_WARN_SUSPICIOUS_MOVE = YES;
				CLANG_WARN_UNGUARDED_AVAILABILITY = YES_AGGRESSIVE;
				CLANG_WARN_UNREACHABLE_CODE = YES;
				CLANG_WARN__DUPLICATE_METHOD_MATCH = YES;
				COPY_PHASE_STRIP = NO;
				DEBUG_INFORMATION_FORMAT = dwarf;
				ENABLE_STRICT_OBJC_MSGSEND = YES;
				ENABLE_TESTABILITY = YES;
				GCC_C_LANGUAGE_STANDARD = gnu11;
				GCC_DYNAMIC_NO_PIC = NO;
				GCC_NO_COMMON_BLOCKS = YES;
				GCC_OPTIMIZATION_LEVEL = 0;
				GCC_PREPROCESSOR_DEFINITIONS = (
					"DEBUG=1",
					"$(inherited)",
				);
				GCC_WARN_64_TO_32_BIT_CONVERSION = YES;
				GCC_WARN_ABOUT_RETURN_TYPE = YES_ERROR;
				GCC_WARN_UNDECLARED_SELECTOR = YES;
				GCC_WARN_UNINITIALIZED_AUTOS = YES_AGGRESSIVE;
				GCC_WARN_UNUSED_FUNCTION = YES;
				GCC_WARN_UNUSED_VARIABLE = YES;
				IPHONEOS_DEPLOYMENT_TARGET = 16.4;
				MTL_ENABLE_DEBUG_INFO = INCLUDE_SOURCE;
				MTL_FAST_MATH = YES;
				ONLY_ACTIVE_ARCH = YES;
				SDKROOT = iphoneos;
				SWIFT_ACTIVE_COMPILATION_CONDITIONS = DEBUG;
				SWIFT_OPTIMIZATION_LEVEL = "-Onone";
			};
			name = Debug;
		};
		BD0BD4742AE00D61004E1DD4 /* Release */ = {
			isa = XCBuildConfiguration;
			buildSettings = {
				ALWAYS_SEARCH_USER_PATHS = NO;
				CLANG_ANALYZER_NONNULL = YES;
				CLANG_ANALYZER_NUMBER_OBJECT_CONVERSION = YES_AGGRESSIVE;
				CLANG_CXX_LANGUAGE_STANDARD = "gnu++20";
				CLANG_ENABLE_MODULES = YES;
				CLANG_ENABLE_OBJC_ARC = YES;
				CLANG_ENABLE_OBJC_WEAK = YES;
				CLANG_WARN_BLOCK_CAPTURE_AUTORELEASING = YES;
				CLANG_WARN_BOOL_CONVERSION = YES;
				CLANG_WARN_COMMA = YES;
				CLANG_WARN_CONSTANT_CONVERSION = YES;
				CLANG_WARN_DEPRECATED_OBJC_IMPLEMENTATIONS = YES;
				CLANG_WARN_DIRECT_OBJC_ISA_USAGE = YES_ERROR;
				CLANG_WARN_DOCUMENTATION_COMMENTS = YES;
				CLANG_WARN_EMPTY_BODY = YES;
				CLANG_WARN_ENUM_CONVERSION = YES;
				CLANG_WARN_INFINITE_RECURSION = YES;
				CLANG_WARN_INT_CONVERSION = YES;
				CLANG_WARN_NON_LITERAL_NULL_CONVERSION = YES;
				CLANG_WARN_OBJC_IMPLICIT_RETAIN_SELF = YES;
				CLANG_WARN_OBJC_LITERAL_CONVERSION = YES;
				CLANG_WARN_OBJC_ROOT_CLASS = YES_ERROR;
				CLANG_WARN_QUOTED_INCLUDE_IN_FRAMEWORK_HEADER = YES;
				CLANG_WARN_RANGE_LOOP_ANALYSIS = YES;
				CLANG_WARN_STRICT_PROTOTYPES = YES;
				CLANG_WARN_SUSPICIOUS_MOVE = YES;
				CLANG_WARN_UNGUARDED_AVAILABILITY = YES_AGGRESSIVE;
				CLANG_WARN_UNREACHABLE_CODE = YES;
				CLANG_WARN__DUPLICATE_METHOD_MATCH = YES;
				COPY_PHASE_STRIP = NO;
				DEBUG_INFORMATION_FORMAT = "dwarf-with-dsym";
				ENABLE_NS_ASSERTIONS = NO;
				ENABLE_STRICT_OBJC_MSGSEND = YES;
				GCC_C_LANGUAGE_STANDARD = gnu11;
				GCC_NO_COMMON_BLOCKS = YES;
				GCC_WARN_64_TO_32_BIT_CONVERSION = YES;
				GCC_WARN_ABOUT_RETURN_TYPE = YES_ERROR;
				GCC_WARN_UNDECLARED_SELECTOR = YES;
				GCC_WARN_UNINITIALIZED_AUTOS = YES_AGGRESSIVE;
				GCC_WARN_UNUSED_FUNCTION = YES;
				GCC_WARN_UNUSED_VARIABLE = YES;
				IPHONEOS_DEPLOYMENT_TARGET = 16.4;
				MTL_ENABLE_DEBUG_INFO = NO;
				MTL_FAST_MATH = YES;
				SDKROOT = iphoneos;
				SWIFT_COMPILATION_MODE = wholemodule;
				SWIFT_OPTIMIZATION_LEVEL = "-O";
				VALIDATE_PRODUCT = YES;
			};
			name = Release;
		};
		BD0BD4762AE00D61004E1DD4 /* Debug */ = {
			isa = XCBuildConfiguration;
			buildSettings = {
				ASSETCATALOG_COMPILER_APPICON_NAME = AppIcon;
				ASSETCATALOG_COMPILER_GLOBAL_ACCENT_COLOR_NAME = AccentColor;
				CODE_SIGN_STYLE = Automatic;
				CURRENT_PROJECT_VERSION = 1;
				DEVELOPMENT_TEAM = 4NR77LPFLG;
				GENERATE_INFOPLIST_FILE = YES;
				INFOPLIST_FILE = TestDemo/Info.plist;
				INFOPLIST_KEY_UIApplicationSupportsIndirectInputEvents = YES;
				INFOPLIST_KEY_UILaunchStoryboardName = LaunchScreen;
				INFOPLIST_KEY_UIMainStoryboardFile = Main;
				INFOPLIST_KEY_UISupportedInterfaceOrientations_iPad = "UIInterfaceOrientationPortrait UIInterfaceOrientationPortraitUpsideDown UIInterfaceOrientationLandscapeLeft UIInterfaceOrientationLandscapeRight";
				INFOPLIST_KEY_UISupportedInterfaceOrientations_iPhone = "UIInterfaceOrientationPortrait UIInterfaceOrientationLandscapeLeft UIInterfaceOrientationLandscapeRight";
				LD_RUNPATH_SEARCH_PATHS = (
					"$(inherited)",
					"@executable_path/Frameworks",
				);
				MARKETING_VERSION = 1.0;
				PRODUCT_BUNDLE_IDENTIFIER = ibrahimMoGedmi.TestDemo;
				PRODUCT_NAME = "$(TARGET_NAME)";
				SWIFT_EMIT_LOC_STRINGS = YES;
				SWIFT_VERSION = 5.0;
				TARGETED_DEVICE_FAMILY = "1,2";
			};
			name = Debug;
		};
		BD0BD4772AE00D61004E1DD4 /* Release */ = {
			isa = XCBuildConfiguration;
			buildSettings = {
				ASSETCATALOG_COMPILER_APPICON_NAME = AppIcon;
				ASSETCATALOG_COMPILER_GLOBAL_ACCENT_COLOR_NAME = AccentColor;
				CODE_SIGN_STYLE = Automatic;
				CURRENT_PROJECT_VERSION = 1;
				DEVELOPMENT_TEAM = 4NR77LPFLG;
				GENERATE_INFOPLIST_FILE = YES;
				INFOPLIST_FILE = TestDemo/Info.plist;
				INFOPLIST_KEY_UIApplicationSupportsIndirectInputEvents = YES;
				INFOPLIST_KEY_UILaunchStoryboardName = LaunchScreen;
				INFOPLIST_KEY_UIMainStoryboardFile = Main;
				INFOPLIST_KEY_UISupportedInterfaceOrientations_iPad = "UIInterfaceOrientationPortrait UIInterfaceOrientationPortraitUpsideDown UIInterfaceOrientationLandscapeLeft UIInterfaceOrientationLandscapeRight";
				INFOPLIST_KEY_UISupportedInterfaceOrientations_iPhone = "UIInterfaceOrientationPortrait UIInterfaceOrientationLandscapeLeft UIInterfaceOrientationLandscapeRight";
				LD_RUNPATH_SEARCH_PATHS = (
					"$(inherited)",
					"@executable_path/Frameworks",
				);
				MARKETING_VERSION = 1.0;
				PRODUCT_BUNDLE_IDENTIFIER = ibrahimMoGedmi.TestDemo;
				PRODUCT_NAME = "$(TARGET_NAME)";
				SWIFT_EMIT_LOC_STRINGS = YES;
				SWIFT_VERSION = 5.0;
				TARGETED_DEVICE_FAMILY = "1,2";
			};
			name = Release;
		};
		BD0BD4792AE00D61004E1DD4 /* Debug */ = {
			isa = XCBuildConfiguration;
			buildSettings = {
				ALWAYS_EMBED_SWIFT_STANDARD_LIBRARIES = YES;
				BUNDLE_LOADER = "$(TEST_HOST)";
				CODE_SIGN_STYLE = Automatic;
				CURRENT_PROJECT_VERSION = 1;
				DEVELOPMENT_TEAM = 4NR77LPFLG;
				GENERATE_INFOPLIST_FILE = YES;
				IPHONEOS_DEPLOYMENT_TARGET = 16.4;
				MARKETING_VERSION = 1.0;
				PRODUCT_BUNDLE_IDENTIFIER = ibrahimMoGedmi.TestDemoTests;
				PRODUCT_NAME = "$(TARGET_NAME)";
				SWIFT_EMIT_LOC_STRINGS = NO;
				SWIFT_VERSION = 5.0;
				TARGETED_DEVICE_FAMILY = "1,2";
				TEST_HOST = "$(BUILT_PRODUCTS_DIR)/TestDemo.app/$(BUNDLE_EXECUTABLE_FOLDER_PATH)/TestDemo";
			};
			name = Debug;
		};
		BD0BD47A2AE00D61004E1DD4 /* Release */ = {
			isa = XCBuildConfiguration;
			buildSettings = {
				ALWAYS_EMBED_SWIFT_STANDARD_LIBRARIES = YES;
				BUNDLE_LOADER = "$(TEST_HOST)";
				CODE_SIGN_STYLE = Automatic;
				CURRENT_PROJECT_VERSION = 1;
				DEVELOPMENT_TEAM = 4NR77LPFLG;
				GENERATE_INFOPLIST_FILE = YES;
				IPHONEOS_DEPLOYMENT_TARGET = 16.4;
				MARKETING_VERSION = 1.0;
				PRODUCT_BUNDLE_IDENTIFIER = ibrahimMoGedmi.TestDemoTests;
				PRODUCT_NAME = "$(TARGET_NAME)";
				SWIFT_EMIT_LOC_STRINGS = NO;
				SWIFT_VERSION = 5.0;
				TARGETED_DEVICE_FAMILY = "1,2";
				TEST_HOST = "$(BUILT_PRODUCTS_DIR)/TestDemo.app/$(BUNDLE_EXECUTABLE_FOLDER_PATH)/TestDemo";
			};
			name = Release;
		};
		BD0BD47C2AE00D61004E1DD4 /* Debug */ = {
			isa = XCBuildConfiguration;
			buildSettings = {
				ALWAYS_EMBED_SWIFT_STANDARD_LIBRARIES = YES;
				CODE_SIGN_STYLE = Automatic;
				CURRENT_PROJECT_VERSION = 1;
				DEVELOPMENT_TEAM = 4NR77LPFLG;
				GENERATE_INFOPLIST_FILE = YES;
				MARKETING_VERSION = 1.0;
				PRODUCT_BUNDLE_IDENTIFIER = ibrahimMoGedmi.TestDemoUITests;
				PRODUCT_NAME = "$(TARGET_NAME)";
				SWIFT_EMIT_LOC_STRINGS = NO;
				SWIFT_VERSION = 5.0;
				TARGETED_DEVICE_FAMILY = "1,2";
				TEST_TARGET_NAME = TestDemo;
			};
			name = Debug;
		};
		BD0BD47D2AE00D61004E1DD4 /* Release */ = {
			isa = XCBuildConfiguration;
			buildSettings = {
				ALWAYS_EMBED_SWIFT_STANDARD_LIBRARIES = YES;
				CODE_SIGN_STYLE = Automatic;
				CURRENT_PROJECT_VERSION = 1;
				DEVELOPMENT_TEAM = 4NR77LPFLG;
				GENERATE_INFOPLIST_FILE = YES;
				MARKETING_VERSION = 1.0;
				PRODUCT_BUNDLE_IDENTIFIER = ibrahimMoGedmi.TestDemoUITests;
				PRODUCT_NAME = "$(TARGET_NAME)";
				SWIFT_EMIT_LOC_STRINGS = NO;
				SWIFT_VERSION = 5.0;
				TARGETED_DEVICE_FAMILY = "1,2";
				TEST_TARGET_NAME = TestDemo;
			};
			name = Release;
		};
/* End XCBuildConfiguration section */

/* Begin XCConfigurationList section */
		BD0BD4462AE00D5F004E1DD4 /* Build configuration list for PBXProject "TestDemo" */ = {
			isa = XCConfigurationList;
			buildConfigurations = (
				BD0BD4732AE00D61004E1DD4 /* Debug */,
				BD0BD4742AE00D61004E1DD4 /* Release */,
			);
			defaultConfigurationIsVisible = 0;
			defaultConfigurationName = Release;
		};
		BD0BD4752AE00D61004E1DD4 /* Build configuration list for PBXNativeTarget "TestDemo" */ = {
			isa = XCConfigurationList;
			buildConfigurations = (
				BD0BD4762AE00D61004E1DD4 /* Debug */,
				BD0BD4772AE00D61004E1DD4 /* Release */,
			);
			defaultConfigurationIsVisible = 0;
			defaultConfigurationName = Release;
		};
		BD0BD4782AE00D61004E1DD4 /* Build configuration list for PBXNativeTarget "TestDemoTests" */ = {
			isa = XCConfigurationList;
			buildConfigurations = (
				BD0BD4792AE00D61004E1DD4 /* Debug */,
				BD0BD47A2AE00D61004E1DD4 /* Release */,
			);
			defaultConfigurationIsVisible = 0;
			defaultConfigurationName = Release;
		};
		BD0BD47B2AE00D61004E1DD4 /* Build configuration list for PBXNativeTarget "TestDemoUITests" */ = {
			isa = XCConfigurationList;
			buildConfigurations = (
				BD0BD47C2AE00D61004E1DD4 /* Debug */,
				BD0BD47D2AE00D61004E1DD4 /* Release */,
			);
			defaultConfigurationIsVisible = 0;
			defaultConfigurationName = Release;
		};
/* End XCConfigurationList section */
	};
	rootObject = BD0BD4432AE00D5F004E1DD4 /* Project object */;
}
